
Microsoft Visual Studio Solution File, Format Version 12.00
# Visual Studio Version 16
VisualStudioVersion = 16.0.32510.428
MinimumVisualStudioVersion = 10.0.40219.1
Project("{8BC9CEB8-8B4A-11D0-8D11-00A0C91BC942}") = "Singleton", "Singleton.vcxproj", "{B014084F-32C9-4A06-B4E7-30CCBC6F4B74}"
EndProject
Project("{8BC9CEB8-8B4A-11D0-8D11-00A0C91BC942}") = "new和delete表达式", "..\new和delete表达式\new和delete表达式.vcxproj", "{643BAC25-C4D0-41B4-AC4D-DA0DEC1E2980}"
EndProject
Global
	GlobalSection(SolutionConfigurationPlatforms) = preSolution
		Debug|x64 = Debug|x64
		Debug|x86 = Debug|x86
		Release|x64 = Release|x64
		Release|x86 = Release|x86
	EndGlobalSection
	GlobalSection(ProjectConfigurationPlatforms) = postSolution
		{B014084F-32C9-4A06-B4E7-30CCBC6F4B74}.Debug|x64.ActiveCfg = Debug|x64
		{B014084F-32C9-4A06-B4E7-30CCBC6F4B74}.Debug|x64.Build.0 = Debug|x64
		{B014084F-32C9-4A06-B4E7-30CCBC6F4B74}.Debug|x86.ActiveCfg = Debug|Win32
		{B014084F-32C9-4A06-B4E7-30CCBC6F4B74}.Debug|x86.Build.0 = Debug|Win32
		{B014084F-32C9-4A06-B4E7-30CCBC6F4B74}.Release|x64.ActiveCfg = Release|x64
		{B014084F-32C9-4A06-B4E7-30CCBC6F4B74}.Release|x64.Build.0 = Release|x64
		{B014084F-32C9-4A06-B4E7-30CCBC6F4B74}.Release|x86.ActiveCfg = Release|Win32
		{B014084F-32C9-4A06-B4E7-30CCBC6F4B74}.Release|x86.Build.0 = Release|Win32
		{643BAC25-C4D0-41B4-AC4D-DA0DEC1E2980}.Debug|x64.ActiveCfg = Debug|x64
		{643BAC25-C4D0-41B4-AC4D-DA0DEC1E2980}.Debug|x64.Build.0 = Debug|x64
		{643BAC25-C4D0-41B4-AC4D-DA0DEC1E2980}.Debug|x86.ActiveCfg = Debug|Win32
		{643BAC25-C4D0-41B4-AC4D-DA0DEC1E2980}.Debug|x86.Build.0 = Debug|Win32
		{643BAC25-C4D0-41B4-AC4D-DA0DEC1E2980}.Release|x64.ActiveCfg = Release|x64
		{643BAC25-C4D0-41B4-AC4D-DA0DEC1E2980}.Release|x64.Build.0 = Release|x64
		{643BAC25-C4D0-41B4-AC4D-DA0DEC1E2980}.Release|x86.ActiveCfg = Release|Win32
		{643BAC25-C4D0-41B4-AC4D-DA0DEC1E2980}.Release|x86.Build.0 = Release|Win32
	EndGlobalSection
	GlobalSection(SolutionProperties) = preSolution
		HideSolutionNode = FALSE
	EndGlobalSection
	GlobalSection(ExtensibilityGlobals) = postSolution
		SolutionGuid = {BC5CD31F-AE88-402C-A52B-50A6F84E600F}
	EndGlobalSection
EndGlobal
